
Microsoft Visual Studio Solution File, Format Version 12.00
# Visual Studio Version 16
VisualStudioVersion = 16.0.29709.97
MinimumVisualStudioVersion = 10.0.40219.1
Project("{FAE04EC0-301F-11D3-BF4B-00C04F79EFBC}") = "ChultMapkeeper", "ChultMapkeeper\ChultMapkeeper.csproj", "{81E66106-BB9A-442C-A7F7-7579FCD15CE2}"
EndProject
Global
	GlobalSection(SolutionConfigurationPlatforms) = preSolution
		Debug|Any CPU = Debug|Any CPU
		Release|Any CPU = Release|Any CPU
	EndGlobalSection
	GlobalSection(ProjectConfigurationPlatforms) = postSolution
		{81E66106-BB9A-442C-A7F7-7579FCD15CE2}.Debug|Any CPU.ActiveCfg = Debug|Any CPU
		{81E66106-BB9A-442C-A7F7-7579FCD15CE2}.Debug|Any CPU.Build.0 = Debug|Any CPU
		{81E66106-BB9A-442C-A7F7-7579FCD15CE2}.Release|Any CPU.ActiveCfg = Release|Any CPU
		{81E66106-BB9A-442C-A7F7-7579FCD15CE2}.Release|Any CPU.Build.0 = Release|Any CPU
	EndGlobalSection
	GlobalSection(SolutionProperties) = preSolution
		HideSolutionNode = FALSE
	EndGlobalSection
	GlobalSection(ExtensibilityGlobals) = postSolution
		SolutionGuid = {26659272-3B7A-4629-93EC-F47E2FB9BB01}
	EndGlobalSection
EndGlobal
